
Microsoft Visual Studio Solution File, Format Version 12.00
# Visual Studio 15
VisualStudioVersion = 15.0.27004.2010
MinimumVisualStudioVersion = 10.0.40219.1
Project("{9A19103F-16F7-4668-BE54-9A1E7A4F7556}") = "ESI.NET", "ESI.NET\ESI.NET.csproj", "{64F5964F-B659-4EF2-B4ED-45C4F8857012}"
EndProject
Project("{2150E333-8FDC-42A3-9474-1A3956D46DE8}") = "tools", "tools", "{07C2787E-EAC7-C090-1BA3-A61EC2A24D84}"
EndProject
Project("{FAE04EC0-301F-11D3-BF4B-00C04F79EFBC}") = "MintToken", "tools\MintToken\MintToken.csproj", "{591D25A6-7FBB-468E-9020-6C516BCF9C33}"
EndProject
Project("{FAE04EC0-301F-11D3-BF4B-00C04F79EFBC}") = "SpecCheck", "tools\SpecCheck\SpecCheck.csproj", "{43B2CC6E-1ACD-4953-B2AA-EEE4F6F7CD9A}"
EndProject
Project("{2150E333-8FDC-42A3-9474-1A3956D46DE8}") = "tests", "tests", "{0AB3BF05-4346-4AA6-1389-037BE0695223}"
EndProject
Project("{FAE04EC0-301F-11D3-BF4B-00C04F79EFBC}") = "ESI.NET.Tests", "tests\ESI.NET.Tests\ESI.NET.Tests.csproj", "{F11F479D-6662-4654-B18B-E572EFFF0536}"
EndProject
Global
	GlobalSection(SolutionConfigurationPlatforms) = preSolution
		Debug|Any CPU = Debug|Any CPU
		Debug|x64 = Debug|x64
		Debug|x86 = Debug|x86
		Release|Any CPU = Release|Any CPU
		Release|x64 = Release|x64
		Release|x86 = Release|x86
	EndGlobalSection
	GlobalSection(ProjectConfigurationPlatforms) = postSolution
		{64F5964F-B659-4EF2-B4ED-45C4F8857012}.Debug|Any CPU.ActiveCfg = Debug|Any CPU
		{64F5964F-B659-4EF2-B4ED-45C4F8857012}.Debug|Any CPU.Build.0 = Debug|Any CPU
		{64F5964F-B659-4EF2-B4ED-45C4F8857012}.Debug|x64.ActiveCfg = Debug|Any CPU
		{64F5964F-B659-4EF2-B4ED-45C4F8857012}.Debug|x64.Build.0 = Debug|Any CPU
		{64F5964F-B659-4EF2-B4ED-45C4F8857012}.Debug|x86.ActiveCfg = Debug|Any CPU
		{64F5964F-B659-4EF2-B4ED-45C4F8857012}.Debug|x86.Build.0 = Debug|Any CPU
		{64F5964F-B659-4EF2-B4ED-45C4F8857012}.Release|Any CPU.ActiveCfg = Release|Any CPU
		{64F5964F-B659-4EF2-B4ED-45C4F8857012}.Release|Any CPU.Build.0 = Release|Any CPU
		{64F5964F-B659-4EF2-B4ED-45C4F8857012}.Release|x64.ActiveCfg = Release|Any CPU
		{64F5964F-B659-4EF2-B4ED-45C4F8857012}.Release|x64.Build.0 = Release|Any CPU
		{64F5964F-B659-4EF2-B4ED-45C4F8857012}.Release|x86.ActiveCfg = Release|Any CPU
		{64F5964F-B659-4EF2-B4ED-45C4F8857012}.Release|x86.Build.0 = Release|Any CPU
		{591D25A6-7FBB-468E-9020-6C516BCF9C33}.Debug|Any CPU.ActiveCfg = Debug|Any CPU
		{591D25A6-7FBB-468E-9020-6C516BCF9C33}.Debug|Any CPU.Build.0 = Debug|Any CPU
		{591D25A6-7FBB-468E-9020-6C516BCF9C33}.Debug|x64.ActiveCfg = Debug|Any CPU
		{591D25A6-7FBB-468E-9020-6C516BCF9C33}.Debug|x64.Build.0 = Debug|Any CPU
		{591D25A6-7FBB-468E-9020-6C516BCF9C33}.Debug|x86.ActiveCfg = Debug|Any CPU
		{591D25A6-7FBB-468E-9020-6C516BCF9C33}.Debug|x86.Build.0 = Debug|Any CPU
		{591D25A6-7FBB-468E-9020-6C516BCF9C33}.Release|Any CPU.ActiveCfg = Release|Any CPU
		{591D25A6-7FBB-468E-9020-6C516BCF9C33}.Release|Any CPU.Build.0 = Release|Any CPU
		{591D25A6-7FBB-468E-9020-6C516BCF9C33}.Release|x64.ActiveCfg = Release|Any CPU
		{591D25A6-7FBB-468E-9020-6C516BCF9C33}.Release|x64.Build.0 = Release|Any CPU
		{591D25A6-7FBB-468E-9020-6C516BCF9C33}.Release|x86.ActiveCfg = Release|Any CPU
		{591D25A6-7FBB-468E-9020-6C516BCF9C33}.Release|x86.Build.0 = Release|Any CPU
		{43B2CC6E-1ACD-4953-B2AA-EEE4F6F7CD9A}.Debug|Any CPU.ActiveCfg = Debug|Any CPU
		{43B2CC6E-1ACD-4953-B2AA-EEE4F6F7CD9A}.Debug|Any CPU.Build.0 = Debug|Any CPU
		{43B2CC6E-1ACD-4953-B2AA-EEE4F6F7CD9A}.Debug|x64.ActiveCfg = Debug|Any CPU
		{43B2CC6E-1ACD-4953-B2AA-EEE4F6F7CD9A}.Debug|x64.Build.0 = Debug|Any CPU
		{43B2CC6E-1ACD-4953-B2AA-EEE4F6F7CD9A}.Debug|x86.ActiveCfg = Debug|Any CPU
		{43B2CC6E-1ACD-4953-B2AA-EEE4F6F7CD9A}.Debug|x86.Build.0 = Debug|Any CPU
		{43B2CC6E-1ACD-4953-B2AA-EEE4F6F7CD9A}.Release|Any CPU.ActiveCfg = Release|Any CPU
		{43B2CC6E-1ACD-4953-B2AA-EEE4F6F7CD9A}.Release|Any CPU.Build.0 = Release|Any CPU
		{43B2CC6E-1ACD-4953-B2AA-EEE4F6F7CD9A}.Release|x64.ActiveCfg = Release|Any CPU
		{43B2CC6E-1ACD-4953-B2AA-EEE4F6F7CD9A}.Release|x64.Build.0 = Release|Any CPU
		{43B2CC6E-1ACD-4953-B2AA-EEE4F6F7CD9A}.Release|x86.ActiveCfg = Release|Any CPU
		{43B2CC6E-1ACD-4953-B2AA-EEE4F6F7CD9A}.Release|x86.Build.0 = Release|Any CPU
		{F11F479D-6662-4654-B18B-E572EFFF0536}.Debug|Any CPU.ActiveCfg = Debug|Any CPU
		{F11F479D-6662-4654-B18B-E572EFFF0536}.Debug|Any CPU.Build.0 = Debug|Any CPU
		{F11F479D-6662-4654-B18B-E572EFFF0536}.Debug|x64.ActiveCfg = Debug|Any CPU
		{F11F479D-6662-4654-B18B-E572EFFF0536}.Debug|x64.Build.0 = Debug|Any CPU
		{F11F479D-6662-4654-B18B-E572EFFF0536}.Debug|x86.ActiveCfg = Debug|Any CPU
		{F11F479D-6662-4654-B18B-E572EFFF0536}.Debug|x86.Build.0 = Debug|Any CPU
		{F11F479D-6662-4654-B18B-E572EFFF0536}.Release|Any CPU.ActiveCfg = Release|Any CPU
		{F11F479D-6662-4654-B18B-E572EFFF0536}.Release|Any CPU.Build.0 = Release|Any CPU
		{F11F479D-6662-4654-B18B-E572EFFF0536}.Release|x64.ActiveCfg = Release|Any CPU
		{F11F479D-6662-4654-B18B-E572EFFF0536}.Release|x64.Build.0 = Release|Any CPU
		{F11F479D-6662-4654-B18B-E572EFFF0536}.Release|x86.ActiveCfg = Release|Any CPU
		{F11F479D-6662-4654-B18B-E572EFFF0536}.Release|x86.Build.0 = Release|Any CPU
	EndGlobalSection
	GlobalSection(SolutionProperties) = preSolution
		HideSolutionNode = FALSE
	EndGlobalSection
	GlobalSection(NestedProjects) = preSolution
		{591D25A6-7FBB-468E-9020-6C516BCF9C33} = {07C2787E-EAC7-C090-1BA3-A61EC2A24D84}
		{43B2CC6E-1ACD-4953-B2AA-EEE4F6F7CD9A} = {07C2787E-EAC7-C090-1BA3-A61EC2A24D84}
		{F11F479D-6662-4654-B18B-E572EFFF0536} = {0AB3BF05-4346-4AA6-1389-037BE0695223}
	EndGlobalSection
	GlobalSection(ExtensibilityGlobals) = postSolution
		SolutionGuid = {0222FDF9-CB59-447A-A88B-C9513544E392}
	EndGlobalSection
EndGlobal
